
Microsoft Visual Studio Solution File, Format Version 12.00
# Visual Studio Version 16
VisualStudioVersion = 16.0.30204.135
MinimumVisualStudioVersion = 10.0.40219.1
Project("{FAE04EC0-301F-11D3-BF4B-00C04F79EFBC}") = "ParkApi", "ParkApi\ParkApi.csproj", "{66EE9640-A315-4F4F-96C0-FCF028D31E09}"
EndProject
Global
	GlobalSection(SolutionConfigurationPlatforms) = preSolution
		Debug|Any CPU = Debug|Any CPU
		Release|Any CPU = Release|Any CPU
	EndGlobalSection
	GlobalSection(ProjectConfigurationPlatforms) = postSolution
		{66EE9640-A315-4F4F-96C0-FCF028D31E09}.Debug|Any CPU.ActiveCfg = Debug|Any CPU
		{66EE9640-A315-4F4F-96C0-FCF028D31E09}.Debug|Any CPU.Build.0 = Debug|Any CPU
		{66EE9640-A315-4F4F-96C0-FCF028D31E09}.Release|Any CPU.ActiveCfg = Release|Any CPU
		{66EE9640-A315-4F4F-96C0-FCF028D31E09}.Release|Any CPU.Build.0 = Release|Any CPU
	EndGlobalSection
	GlobalSection(SolutionProperties) = preSolution
		HideSolutionNode = FALSE
	EndGlobalSection
	GlobalSection(ExtensibilityGlobals) = postSolution
		SolutionGuid = {7D3D227E-6199-48DD-A8A4-B27B7B5BF14E}
	EndGlobalSection
EndGlobal
